
Microsoft Visual Studio Solution File, Format Version 12.00
# Visual Studio Version 16
VisualStudioVersion = 16.0.31624.102
MinimumVisualStudioVersion = 10.0.40219.1
Project("{FAE04EC0-301F-11D3-BF4B-00C04F79EFBC}") = "ABC-Counter", "ABC-Counter\ABC-Counter.csproj", "{0F17907E-4167-4FAB-A562-C58037140FA0}"
EndProject
Global
	GlobalSection(SolutionConfigurationPlatforms) = preSolution
		Debug|Any CPU = Debug|Any CPU
		Release|Any CPU = Release|Any CPU
	EndGlobalSection
	GlobalSection(ProjectConfigurationPlatforms) = postSolution
		{0F17907E-4167-4FAB-A562-C58037140FA0}.Debug|Any CPU.ActiveCfg = Debug|Any CPU
		{0F17907E-4167-4FAB-A562-C58037140FA0}.Debug|Any CPU.Build.0 = Debug|Any CPU
		{0F17907E-4167-4FAB-A562-C58037140FA0}.Release|Any CPU.ActiveCfg = Release|Any CPU
		{0F17907E-4167-4FAB-A562-C58037140FA0}.Release|Any CPU.Build.0 = Release|Any CPU
	EndGlobalSection
	GlobalSection(SolutionProperties) = preSolution
		HideSolutionNode = FALSE
	EndGlobalSection
	GlobalSection(ExtensibilityGlobals) = postSolution
		SolutionGuid = {64367E90-5EA6-40B2-897A-73F95FE0F2AA}
	EndGlobalSection
EndGlobal
